<?xml version="1.0" encoding="utf-8"?>
<Project ToolsVersion="4.0" xmlns="http://schemas.microsoft.com/developer/msbuild/2003">
  <ItemGroup>
    <ClInclude Include="targetver.h">
      <Filter>VS</Filter>
    </ClInclude>
    <ClInclude Include="stdafx.h">
      <Filter>VS</Filter>
    </ClInclude>
    <ClInclude Include="LuaFunctions.h">
      <Filter>LuaFunctions</Filter>
    </ClInclude>
    <ClInclude Include="LoadManager.h">
      <Filter>LoadManager</Filter>
    </ClInclude>
    <ClInclude Include="LoadObject.h">
      <Filter>LoadObject</Filter>
    </ClInclude>
    <ClInclude Include="LoadModel.h">
      <Filter>LoadThings\LoadModels</Filter>
    </ClInclude>
    <ClInclude Include="LoadInputController.h">
      <Filter>LoadThings\LoadInputController</Filter>
    </ClInclude>
    <ClInclude Include="LoadMovementComponent.h">
      <Filter>LoadThings\LoadMovementComponent</Filter>
    </ClInclude>
    <ClInclude Include="LoadNavigationComponent.h">
      <Filter>LoadThings\LoadNavigationComponent</Filter>
    </ClInclude>
    <ClInclude Include="LoadCamera.h" />
    <ClInclude Include="LoadColliderComponent.h" />
    <ClInclude Include="LoadAIController.h" />
    <ClInclude Include="LoadSkillSystemComponent.h" />
    <ClInclude Include="LoadHealthComponent.h" />
    <ClInclude Include="LoadHealthBarComponent.h" />
    <ClInclude Include="LoadDropComponent.h" />
    <ClInclude Include="LoadManaComponent.h" />
    <ClInclude Include="LoadSoundComponent.h" />
  </ItemGroup>
  <ItemGroup>
    <ClCompile Include="stdafx.cpp">
      <Filter>VS</Filter>
    </ClCompile>
    <ClCompile Include="LuaFunctions.cpp">
      <Filter>LuaFunctions</Filter>
    </ClCompile>
    <ClCompile Include="LoadManager.cpp">
      <Filter>LoadManager</Filter>
    </ClCompile>
    <ClCompile Include="LoadObject.cpp">
      <Filter>LoadObject</Filter>
    </ClCompile>
    <ClCompile Include="LoadModel.cpp">
      <Filter>LoadThings\LoadModels</Filter>
    </ClCompile>
    <ClCompile Include="LoadInputController.cpp">
      <Filter>LoadThings\LoadInputController</Filter>
    </ClCompile>
    <ClCompile Include="LoadMovementComponent.cpp">
      <Filter>LoadThings\LoadMovementComponent</Filter>
    </ClCompile>
    <ClCompile Include="LoadNavigationComponent.cpp">
      <Filter>LoadThings\LoadNavigationComponent</Filter>
    </ClCompile>
    <ClCompile Include="LoadCamera.cpp" />
    <ClCompile Include="LoadColliderComponent.cpp" />
    <ClCompile Include="LoadAIController.cpp" />
    <ClCompile Include="LoadSkillSystemComponent.cpp" />
    <ClCompile Include="LoadHealthComponent.cpp" />
    <ClCompile Include="LoadHealthBarComponent.cpp" />
    <ClCompile Include="LoadDropComponent.cpp" />
    <ClCompile Include="LoadManaComponent.cpp" />
    <ClCompile Include="LoadSoundComponent.cpp" />
  </ItemGroup>
  <ItemGroup>
    <Filter Include="VS">
      <UniqueIdentifier>{35f92d3f-46b3-4c23-9408-4c64a447310e}</UniqueIdentifier>
    </Filter>
    <Filter Include="LuaFunctions">
      <UniqueIdentifier>{a33c0251-8964-432b-b372-abd7d6fcdcf0}</UniqueIdentifier>
    </Filter>
    <Filter Include="LoadManager">
      <UniqueIdentifier>{f56e17b2-c60a-469e-afa0-9e5d0cc30d3b}</UniqueIdentifier>
    </Filter>
    <Filter Include="LoadObject">
      <UniqueIdentifier>{c4768a02-cda1-4179-aa63-bea3dbe6547c}</UniqueIdentifier>
    </Filter>
    <Filter Include="LoadThings">
      <UniqueIdentifier>{8ffe0ed9-1a47-4dbf-ab22-ab09a7fa988b}</UniqueIdentifier>
    </Filter>
    <Filter Include="LoadThings\LoadModels">
      <UniqueIdentifier>{acf9c7cc-2225-46d8-8cac-522e2bd15445}</UniqueIdentifier>
    </Filter>
    <Filter Include="LoadThings\LoadInputController">
      <UniqueIdentifier>{5e8ce6de-3252-4718-bb23-3b1bd182f2f4}</UniqueIdentifier>
    </Filter>
    <Filter Include="LoadThings\LoadMovementComponent">
      <UniqueIdentifier>{5666bf77-2502-4664-a479-4c4e972230a8}</UniqueIdentifier>
    </Filter>
    <Filter Include="LoadThings\LoadNavigationComponent">
      <UniqueIdentifier>{b6d2b266-818e-40fa-9c5c-16a00d5ec9ba}</UniqueIdentifier>
    </Filter>
  </ItemGroup>
  <ItemGroup>
    <Text Include="ReadMe.txt">
      <Filter>VS</Filter>
    </Text>
  </ItemGroup>
</Project>
