<?xml version="1.0" encoding="utf-8"?>
<Project ToolsVersion="4.0" xmlns="http://schemas.microsoft.com/developer/msbuild/2003">
  <ItemGroup>
    <ClCompile Include="AudioSourceComponent.cpp" />
    <ClCompile Include="AudioSourceComponentManager.cpp" />
    <ClCompile Include="CameraComponent.cpp" />
    <ClCompile Include="CameraManager.cpp" />
    <ClCompile Include="CollisionComponent.cpp" />
    <ClCompile Include="CollisionComponentManager.cpp" />
    <ClCompile Include="Component.cpp" />
    <ClCompile Include="ComponentManager.cpp" />
    <ClCompile Include="GameObject.cpp" />
    <ClCompile Include="HealthComponent.cpp" />
    <ClCompile Include="InputController.cpp" />
    <ClCompile Include="InputControllerManager.cpp" />
    <ClCompile Include="InventoryComponent.cpp" />
    <ClCompile Include="InventoryComponentManager.cpp" />
    <ClCompile Include="MainStatComponent.cpp" />
    <ClCompile Include="ModelComponent.cpp" />
    <ClCompile Include="ModelComponentManager.cpp" />
    <ClCompile Include="MovementComponent.cpp" />
    <ClCompile Include="MovementComponentManager.cpp" />
    <ClCompile Include="NavigationComponent.cpp" />
    <ClCompile Include="GameObjectManager.cpp" />
    <ClCompile Include="ParticleEmitterComponent.cpp" />
    <ClCompile Include="ParticleEmitterComponentManager.cpp" />
    <ClCompile Include="Skill.cpp" />
    <ClCompile Include="SkillFactory.cpp" />
    <ClCompile Include="SkillSystemComponent.cpp" />
    <ClCompile Include="StatComponent.cpp" />
    <ClCompile Include="stdafx.cpp" />
    <ClCompile Include="StreakEmitterComponent.cpp" />
  </ItemGroup>
  <ItemGroup>
    <ClInclude Include="AudioSourceComponent.h" />
    <ClInclude Include="AudioSourceComponentManager.h" />
    <ClInclude Include="CameraComponent.h" />
    <ClInclude Include="CameraManager.h" />
    <ClInclude Include="CollisionComponent.h" />
    <ClInclude Include="CollisionComponentManager.h" />
    <ClInclude Include="Component.h" />
    <ClInclude Include="ComponentManager.h" />
    <ClInclude Include="ComponentMessage.h" />
    <ClInclude Include="GameObject.h" />
    <ClInclude Include="HealthComponent.h" />
    <ClInclude Include="InputController.h" />
    <ClInclude Include="InputControllerManager.h" />
    <ClInclude Include="InventoryComponent.h" />
    <ClInclude Include="InventoryComponentManager.h" />
    <ClInclude Include="MainStatComponent.h" />
    <ClInclude Include="ModelComponent.h" />
    <ClInclude Include="ModelComponentManager.h" />
    <ClInclude Include="MovementComponent.h" />
    <ClInclude Include="MovementComponentManager.h" />
    <ClInclude Include="NavigationComponent.h" />
    <ClInclude Include="GameObjectManager.h" />
    <ClInclude Include="ParticleEmitterComponent.h" />
    <ClInclude Include="ParticleEmitterComponentManager.h" />
    <ClInclude Include="Skill.h" />
    <ClInclude Include="SkillFactory.h" />
    <ClInclude Include="SkillSystemComponent.h" />
    <ClInclude Include="StatComponent.h" />
    <ClInclude Include="StatStructs.h" />
    <ClInclude Include="stdafx.h" />
    <ClInclude Include="StreakEmitterComponent.h" />
    <ClInclude Include="targetver.h" />
  </ItemGroup>
</Project>