<?xml version="1.0" encoding="utf-8"?>
<Project ToolsVersion="4.0" xmlns="http://schemas.microsoft.com/developer/msbuild/2003">
  <ItemGroup>
    <ClCompile Include="stdafx.cpp" />
    <ClCompile Include="stdafx.cpp">
      <Filter>Precompiled</Filter>
    </ClCompile>
    <ClCompile Include="AudioSourceComponentManager.cpp" />
    <ClCompile Include="StreakEmitterComponent.cpp" />
    <ClCompile Include="SkillSystemComponent.cpp" />
    <ClCompile Include="Skill.cpp" />
    <ClCompile Include="SkillFactory.cpp" />
    <ClCompile Include="SkillSystemComponentManager.cpp" />
    <ClCompile Include="AIControllerManager.cpp">
      <Filter>Controllers</Filter>
    </ClCompile>
    <ClCompile Include="IController.cpp">
      <Filter>Controllers\Behaviours</Filter>
    </ClCompile>
    <ClCompile Include="InputController.cpp">
      <Filter>Controllers</Filter>
    </ClCompile>
    <ClCompile Include="InputControllerManager.cpp">
      <Filter>Controllers</Filter>
    </ClCompile>
    <ClCompile Include="SeekController.cpp">
      <Filter>Controllers\Controllers</Filter>
    </ClCompile>
    <ClCompile Include="MovementComponent.cpp">
      <Filter>Navigation</Filter>
    </ClCompile>
    <ClCompile Include="MovementComponentManager.cpp">
      <Filter>Navigation</Filter>
    </ClCompile>
    <ClCompile Include="NavigationComponent.cpp">
      <Filter>Navigation</Filter>
    </ClCompile>
    <ClCompile Include="AudioSourceComponent.cpp">
      <Filter>Audio</Filter>
    </ClCompile>
    <ClCompile Include="AudioSourceComponentManager.cpp">
      <Filter>Audio</Filter>
    </ClCompile>
    <ClCompile Include="CameraComponent.cpp">
      <Filter>Camera</Filter>
    </ClCompile>
    <ClCompile Include="CameraManager.cpp">
      <Filter>Camera</Filter>
    </ClCompile>
    <ClCompile Include="CollisionComponent.cpp">
      <Filter>Collisions</Filter>
    </ClCompile>
    <ClCompile Include="CollisionComponentManager.cpp">
      <Filter>Collisions</Filter>
    </ClCompile>
    <ClCompile Include="InventoryComponent.cpp">
      <Filter>Inventory</Filter>
    </ClCompile>
    <ClCompile Include="InventoryComponentManager.cpp">
      <Filter>Inventory</Filter>
    </ClCompile>
    <ClCompile Include="ParticleEmitterComponent.cpp">
      <Filter>Particles</Filter>
    </ClCompile>
    <ClCompile Include="ParticleEmitterComponentManager.cpp">
      <Filter>Particles</Filter>
    </ClCompile>
    <ClCompile Include="ModelComponent.cpp">
      <Filter>Model</Filter>
    </ClCompile>
    <ClCompile Include="ModelComponentManager.cpp">
      <Filter>Model</Filter>
    </ClCompile>
    <ClCompile Include="Component.cpp">
      <Filter>Component</Filter>
    </ClCompile>
    <ClCompile Include="ComponentManager.cpp">
      <Filter>Component</Filter>
    </ClCompile>
    <ClCompile Include="GameObject.cpp">
      <Filter>GameObject</Filter>
    </ClCompile>
    <ClCompile Include="GameObjectManager.cpp">
      <Filter>GameObject</Filter>
    </ClCompile>
    <ClCompile Include="StatComponent.cpp">
      <Filter>Stats</Filter>
    </ClCompile>
    <ClCompile Include="MainStatComponent.cpp">
      <Filter>Stats</Filter>
    </ClCompile>
    <ClCompile Include="StreakEmitterComponent.cpp">
      <Filter>Particles</Filter>
    </ClCompile>
    <ClCompile Include="SkillComponent.cpp" />
    <ClCompile Include="WanderController.cpp">
      <Filter>Controllers\Controllers</Filter>
    </ClCompile>
    <ClCompile Include="FleeController.cpp">
      <Filter>Controllers\Controllers</Filter>
    </ClCompile>
    <ClCompile Include="AIControllerComponent.cpp">
      <Filter>Controllers\Controllers</Filter>
    </ClCompile>
    <ClCompile Include="SkillComponentManager.cpp" />
    <ClCompile Include="DropComponent.cpp" />
    <ClCompile Include="DropComponentManager.cpp" />
    <ClCompile Include="MouseComponent.cpp" />
    <ClCompile Include="HealthBarComponent.cpp">
      <Filter>Health</Filter>
    </ClCompile>
    <ClCompile Include="HealthComponent.cpp">
      <Filter>Health</Filter>
    </ClCompile>
    <ClCompile Include="HealthBarComponentManager.cpp">
      <Filter>Health</Filter>
    </ClCompile>
    <ClCompile Include="FleeControllerManager.cpp" />
    <ClCompile Include="SeekControllerManager.cpp" />
    <ClCompile Include="ManaComponent.cpp">
      <Filter>Mana</Filter>
    </ClCompile>
    <ClCompile Include="ManaComponentManager.cpp" />
    <ClCompile Include="PlayerHealthMessenger.cpp">
      <Filter>Health</Filter>
    </ClCompile>
    <ClCompile Include="PlayerManaMessenger.cpp">
      <Filter>Mana</Filter>
    </ClCompile>
    <ClCompile Include="HatActivator.cpp" />
    <ClCompile Include="EnemyObjectiveComponent.cpp">
      <Filter>ObjectiveComponents</Filter>
    </ClCompile>
    <ClCompile Include="ActivationComponent.cpp">
      <Filter>Activation</Filter>
    </ClCompile>
    <ClCompile Include="ActivationObjectiveComponent.cpp">
      <Filter>ObjectiveComponents</Filter>
    </ClCompile>
    <ClCompile Include="OpenShopListenerComponent.cpp" />
  </ItemGroup>
  <ItemGroup>
    <ClInclude Include="stdafx.h" />
    <ClInclude Include="targetver.h" />
    <ClInclude Include="stdafx.h">
      <Filter>Precompiled</Filter>
    </ClInclude>
    <ClInclude Include="targetver.h">
      <Filter>Precompiled</Filter>
    </ClInclude>
    <ClInclude Include="AudioSourceComponentManager.h" />
    <ClInclude Include="StreakEmitterComponent.h" />
    <ClInclude Include="SkillSystemComponent.h" />
    <ClInclude Include="Skill.h" />
    <ClInclude Include="SkillFactory.h" />
    <ClInclude Include="SkillSystemComponentManager.h" />
    <ClInclude Include="IController.h">
      <Filter>Controllers\Behaviours</Filter>
    </ClInclude>
    <ClInclude Include="InputControllerManager.h">
      <Filter>Controllers</Filter>
    </ClInclude>
    <ClInclude Include="InputController.h">
      <Filter>Controllers</Filter>
    </ClInclude>
    <ClInclude Include="AIControllerManager.h">
      <Filter>Controllers</Filter>
    </ClInclude>
    <ClInclude Include="SeekController.h">
      <Filter>Controllers\Controllers</Filter>
    </ClInclude>
    <ClInclude Include="NavigationComponent.h">
      <Filter>Navigation</Filter>
    </ClInclude>
    <ClInclude Include="MovementComponent.h">
      <Filter>Navigation</Filter>
    </ClInclude>
    <ClInclude Include="MovementComponentManager.h">
      <Filter>Navigation</Filter>
    </ClInclude>
    <ClInclude Include="AudioSourceComponent.h">
      <Filter>Audio</Filter>
    </ClInclude>
    <ClInclude Include="AudioSourceComponentManager.h">
      <Filter>Audio</Filter>
    </ClInclude>
    <ClInclude Include="CameraComponent.h">
      <Filter>Camera</Filter>
    </ClInclude>
    <ClInclude Include="CameraManager.h">
      <Filter>Camera</Filter>
    </ClInclude>
    <ClInclude Include="CollisionComponent.h">
      <Filter>Collisions</Filter>
    </ClInclude>
    <ClInclude Include="CollisionComponentManager.h">
      <Filter>Collisions</Filter>
    </ClInclude>
    <ClInclude Include="InventoryComponent.h">
      <Filter>Inventory</Filter>
    </ClInclude>
    <ClInclude Include="InventoryComponentManager.h">
      <Filter>Inventory</Filter>
    </ClInclude>
    <ClInclude Include="ParticleEmitterComponentManager.h">
      <Filter>Particles</Filter>
    </ClInclude>
    <ClInclude Include="ParticleEmitterComponent.h">
      <Filter>Particles</Filter>
    </ClInclude>
    <ClInclude Include="ModelComponentManager.h">
      <Filter>Model</Filter>
    </ClInclude>
    <ClInclude Include="ModelComponent.h">
      <Filter>Model</Filter>
    </ClInclude>
    <ClInclude Include="Component.h">
      <Filter>Component</Filter>
    </ClInclude>
    <ClInclude Include="ComponentManager.h">
      <Filter>Component</Filter>
    </ClInclude>
    <ClInclude Include="ComponentMessage.h">
      <Filter>Component</Filter>
    </ClInclude>
    <ClInclude Include="GameObject.h">
      <Filter>GameObject</Filter>
    </ClInclude>
    <ClInclude Include="GameObjectManager.h">
      <Filter>GameObject</Filter>
    </ClInclude>
    <ClInclude Include="StatComponent.h">
      <Filter>Stats</Filter>
    </ClInclude>
    <ClInclude Include="StatStructs.h">
      <Filter>Stats</Filter>
    </ClInclude>
    <ClInclude Include="MainStatComponent.h">
      <Filter>Stats</Filter>
    </ClInclude>
    <ClInclude Include="StreakEmitterComponent.h">
      <Filter>Particles</Filter>
    </ClInclude>
    <ClInclude Include="SkillComponent.h" />
    <ClInclude Include="WanderController.h">
      <Filter>Controllers\Controllers</Filter>
    </ClInclude>
    <ClInclude Include="FleeController.h">
      <Filter>Controllers\Controllers</Filter>
    </ClInclude>
    <ClInclude Include="AIControllerComponent.h">
      <Filter>Controllers\Controllers</Filter>
    </ClInclude>
    <ClInclude Include="SkillComponentManager.h" />
    <ClInclude Include="PlayerData.h">
      <Filter>Stats</Filter>
    </ClInclude>
    <ClInclude Include="DropComponent.h" />
    <ClInclude Include="DropComponentManager.h" />
    <ClInclude Include="MouseComponent.h" />
    <ClInclude Include="SkillData.h" />
    <ClInclude Include="HealthPoint.h">
      <Filter>Health</Filter>
    </ClInclude>
    <ClInclude Include="HealthBarComponent.h">
      <Filter>Health</Filter>
    </ClInclude>
    <ClInclude Include="HealthComponent.h">
      <Filter>Health</Filter>
    </ClInclude>
    <ClInclude Include="HealthBarComponentManager.h">
      <Filter>Health</Filter>
    </ClInclude>
    <ClInclude Include="FleeControllerManager.h" />
    <ClInclude Include="SeekControllerManager.h" />
    <ClInclude Include="ManaComponent.h">
      <Filter>Mana</Filter>
    </ClInclude>
    <ClInclude Include="ManaPoint.h">
      <Filter>Mana</Filter>
    </ClInclude>
    <ClInclude Include="ManaComponentManager.h" />
    <ClInclude Include="PlayerHealthMessenger.h">
      <Filter>Health</Filter>
    </ClInclude>
    <ClInclude Include="PlayerManaMessenger.h">
      <Filter>Mana</Filter>
    </ClInclude>
    <ClInclude Include="HatActivator.h" />
    <ClInclude Include="EnemyObjectiveComponent.h">
      <Filter>ObjectiveComponents</Filter>
    </ClInclude>
    <ClInclude Include="ActivationComponent.h">
      <Filter>Activation</Filter>
    </ClInclude>
    <ClInclude Include="ActivationObjectiveComponent.h">
      <Filter>ObjectiveComponents</Filter>
    </ClInclude>
    <ClInclude Include="OpenShopListenerComponent.h" />
  </ItemGroup>
  <ItemGroup>
    <Text Include="ReadMe.txt" />
  </ItemGroup>
  <ItemGroup>
    <Filter Include="Precompiled">
      <UniqueIdentifier>{d8cf0127-23fb-4588-bc69-a680d6ea2ef5}</UniqueIdentifier>
    </Filter>
    <Filter Include="Controllers">
      <UniqueIdentifier>{1e119105-f505-41ce-b31f-60906f40d6b0}</UniqueIdentifier>
    </Filter>
    <Filter Include="Controllers\Behaviours">
      <UniqueIdentifier>{3d135083-3cc1-4d4e-a9a9-5135b7b2d548}</UniqueIdentifier>
    </Filter>
    <Filter Include="Controllers\Controllers">
      <UniqueIdentifier>{36ad59f7-9316-42d5-9d50-2d36b6abac9b}</UniqueIdentifier>
    </Filter>
    <Filter Include="Navigation">
      <UniqueIdentifier>{39e06e8e-1484-4895-b5a6-72ea83515ad5}</UniqueIdentifier>
    </Filter>
    <Filter Include="Particles">
      <UniqueIdentifier>{083f76b5-74e5-4f57-86b9-71c6ebe9a69e}</UniqueIdentifier>
    </Filter>
    <Filter Include="Audio">
      <UniqueIdentifier>{80e033d5-791e-49e0-ab96-2916cd7bc107}</UniqueIdentifier>
    </Filter>
    <Filter Include="Camera">
      <UniqueIdentifier>{317bd6ea-49ec-4d6a-84c6-f6d615cf1f03}</UniqueIdentifier>
    </Filter>
    <Filter Include="Collisions">
      <UniqueIdentifier>{8d2c937d-bc83-4bc7-a289-a508b0b33583}</UniqueIdentifier>
    </Filter>
    <Filter Include="Inventory">
      <UniqueIdentifier>{5a0bf4c8-92ee-445f-a2f6-6bec166bd20d}</UniqueIdentifier>
    </Filter>
    <Filter Include="Model">
      <UniqueIdentifier>{068a1ac1-411c-443f-85f5-7e7d5f82bed1}</UniqueIdentifier>
    </Filter>
    <Filter Include="Component">
      <UniqueIdentifier>{bc2bfc79-d74a-43b4-8423-6c38bdc96734}</UniqueIdentifier>
    </Filter>
    <Filter Include="GameObject">
      <UniqueIdentifier>{eb3ddca2-f61c-4ef9-aee6-0de16f80d576}</UniqueIdentifier>
    </Filter>
    <Filter Include="Skill">
      <UniqueIdentifier>{d66b96a8-27b3-4524-87f5-96ca5e89929d}</UniqueIdentifier>
    </Filter>
    <Filter Include="Stats">
      <UniqueIdentifier>{57b16321-6896-4bed-9386-44e6705c2103}</UniqueIdentifier>
    </Filter>
    <Filter Include="Health">
      <UniqueIdentifier>{2243d8bd-c78a-469c-9300-807743e2d21b}</UniqueIdentifier>
    </Filter>
    <Filter Include="Mana">
      <UniqueIdentifier>{65345747-c528-4ca8-bda9-2540eb0a8cb9}</UniqueIdentifier>
    </Filter>
    <Filter Include="ObjectiveComponents">
      <UniqueIdentifier>{be41f97c-188c-4389-be95-7af68ac28724}</UniqueIdentifier>
    </Filter>
    <Filter Include="Activation">
      <UniqueIdentifier>{ce907b3f-4f14-4c78-b389-0defde24c5a8}</UniqueIdentifier>
    </Filter>
    <Filter Include="OpenShopListenerComponent">
      <UniqueIdentifier>{4e77c44b-70f6-43e3-81aa-a5426b6a26c6}</UniqueIdentifier>
    </Filter>
  </ItemGroup>
</Project>