<?xml version="1.0" encoding="utf-8"?>
<Project ToolsVersion="4.0" xmlns="http://schemas.microsoft.com/developer/msbuild/2003">
  <ItemGroup>
    <ClCompile Include="stdafx.cpp" />
    <ClCompile Include="stdafx.cpp">
      <Filter>Precompiled</Filter>
    </ClCompile>
    <ClCompile Include="StreakEmitterComponent.cpp" />
    <ClCompile Include="AudioSourceComponentManager.cpp" />
    <ClCompile Include="AudioSourceComponent.cpp" />
    <ClCompile Include="AudioSourceComponentManager.cpp" />
    <ClCompile Include="ModelComponent.cpp" />
    <ClCompile Include="ModelComponentManager.cpp" />
    <ClCompile Include="ParticleEmitterComponent.cpp" />
    <ClCompile Include="ParticleEmitterComponentManager.cpp" />
    <ClCompile Include="StreakEmitterComponent.cpp" />
    <ClCompile Include="Component.cpp" />
    <ClCompile Include="ComponentManager.cpp" />
    <ClCompile Include="GameObject.cpp" />
    <ClCompile Include="ObjectManager.cpp" />
    <ClCompile Include="InputController.cpp" />
    <ClCompile Include="NavigationComponent.cpp" />
    <ClCompile Include="MovementComponent.cpp" />
    <ClCompile Include="CameraComponent.cpp" />
    <ClCompile Include="CameraManager.cpp" />
    <ClCompile Include="InputControllerManager.cpp" />
    <ClCompile Include="MovementComponentManager.cpp" />
    <ClCompile Include="SkillSystemComponent.cpp" />
    <ClCompile Include="Skill.cpp" />
    <ClCompile Include="InventoryComponent.cpp" />
  </ItemGroup>
  <ItemGroup>
    <ClInclude Include="stdafx.h" />
    <ClInclude Include="targetver.h" />
    <ClInclude Include="stdafx.h">
      <Filter>Precompiled</Filter>
    </ClInclude>
    <ClInclude Include="targetver.h">
      <Filter>Precompiled</Filter>
    </ClInclude>
    <ClInclude Include="StreakEmitterComponent.h" />
    <ClInclude Include="AudioSourceComponentManager.h" />
    <ClInclude Include="AudioSourceComponent.h" />
    <ClInclude Include="AudioSourceComponentManager.h" />
    <ClInclude Include="ModelComponent.h" />
    <ClInclude Include="ModelComponentManager.h" />
    <ClInclude Include="ParticleEmitterComponent.h" />
    <ClInclude Include="ParticleEmitterComponentManager.h" />
    <ClInclude Include="StreakEmitterComponent.h" />
    <ClInclude Include="Component.h" />
    <ClInclude Include="ComponentManager.h" />
    <ClInclude Include="GameObject.h" />
    <ClInclude Include="ObjectManager.h" />
    <ClInclude Include="ComponentMessage.h" />
    <ClInclude Include="InputController.h" />
    <ClInclude Include="NavigationComponent.h" />
    <ClInclude Include="MovementComponent.h" />
    <ClInclude Include="CameraComponent.h" />
    <ClInclude Include="CameraManager.h" />
    <ClInclude Include="InputControllerManager.h" />
    <ClInclude Include="MovementComponentManager.h" />
    <ClInclude Include="SkillSystemComponent.h" />
    <ClInclude Include="Skill.h" />
    <ClInclude Include="InventoryComponent.h" />
  </ItemGroup>
  <ItemGroup>
    <Text Include="ReadMe.txt" />
  </ItemGroup>
  <ItemGroup>
    <Filter Include="Precompiled">
      <UniqueIdentifier>{d8cf0127-23fb-4588-bc69-a680d6ea2ef5}</UniqueIdentifier>
    </Filter>
    <Filter Include="Enemy">
      <UniqueIdentifier>{4ef8cb0f-07cb-46f8-962f-53861bf44e80}</UniqueIdentifier>
    </Filter>
    <Filter Include="Components">
      <UniqueIdentifier>{ec0249bc-11c1-4412-b780-cf92491e7d7c}</UniqueIdentifier>
    </Filter>
    <Filter Include="GameObjects">
      <UniqueIdentifier>{e38d96fe-3d9f-485f-8576-f488490b7e4d}</UniqueIdentifier>
    </Filter>
    <Filter Include="Marker">
      <UniqueIdentifier>{80c9e194-dabb-485a-aab3-3fc23b269d58}</UniqueIdentifier>
    </Filter>
    <Filter Include="Marker\Manager">
      <UniqueIdentifier>{c3344500-7aa8-4ce1-9113-306969980fbf}</UniqueIdentifier>
    </Filter>
    <Filter Include="Marker\MarkerInstance">
      <UniqueIdentifier>{4cfa2c7f-78fe-4453-8df2-1dcf3bcd1562}</UniqueIdentifier>
    </Filter>
  </ItemGroup>
</Project>