<?xml version="1.0" encoding="utf-8"?>
<Project ToolsVersion="4.0" xmlns="http://schemas.microsoft.com/developer/msbuild/2003">
  <ItemGroup>
    <ClCompile Include="BackgroundLoadingManager.cpp" />
    <ClCompile Include="Game.cpp" />
    <ClCompile Include="LoadingAnimation.cpp" />
    <ClCompile Include="PollingStation.cpp" />
    <ClCompile Include="stdafx.cpp" />
    <ClCompile Include="LevelSelectState.cpp">
      <Filter>States</Filter>
    </ClCompile>
    <ClCompile Include="LoadState.cpp">
      <Filter>States</Filter>
    </ClCompile>
    <ClCompile Include="MainMenuState.cpp">
      <Filter>States</Filter>
    </ClCompile>
    <ClCompile Include="PlayState.cpp">
      <Filter>States</Filter>
    </ClCompile>
    <ClCompile Include="CreditsState.cpp">
      <Filter>States</Filter>
    </ClCompile>
    <ClCompile Include="PauseMenu.cpp">
      <Filter>States</Filter>
    </ClCompile>
    <ClCompile Include="SplashScreen.cpp">
      <Filter>States</Filter>
    </ClCompile>
    <ClCompile Include="QuestManager.cpp">
      <Filter>QuestManager</Filter>
    </ClCompile>
    <ClCompile Include="QuestDrawer.cpp">
      <Filter>QuestManager\QuestDrawer</Filter>
    </ClCompile>
  </ItemGroup>
  <ItemGroup>
    <ClInclude Include="BackgroundLoadingManager.h" />
    <ClInclude Include="Game.h" />
    <ClInclude Include="LoadingAnimation.h" />
    <ClInclude Include="PollingStation.h" />
    <ClInclude Include="stdafx.h" />
    <ClInclude Include="targetver.h" />
    <ClInclude Include="LevelSelectState.h">
      <Filter>States</Filter>
    </ClInclude>
    <ClInclude Include="MainMenuState.h">
      <Filter>States</Filter>
    </ClInclude>
    <ClInclude Include="LoadState.h">
      <Filter>States</Filter>
    </ClInclude>
    <ClInclude Include="PlayState.h">
      <Filter>States</Filter>
    </ClInclude>
    <ClInclude Include="CreditsState.h">
      <Filter>States</Filter>
    </ClInclude>
    <ClInclude Include="PauseMenu.h">
      <Filter>States</Filter>
    </ClInclude>
    <ClInclude Include="SplashScreen.h">
      <Filter>States</Filter>
    </ClInclude>
    <ClInclude Include="QuestManager.h">
      <Filter>QuestManager</Filter>
    </ClInclude>
    <ClInclude Include="Event.h">
      <Filter>QuestManager</Filter>
    </ClInclude>
    <ClInclude Include="QuestDrawer.h">
      <Filter>QuestManager\QuestDrawer</Filter>
    </ClInclude>
  </ItemGroup>
  <ItemGroup>
    <Filter Include="States">
      <UniqueIdentifier>{e6c7f4ba-4ba3-4114-b270-6b080d89cadd}</UniqueIdentifier>
    </Filter>
    <Filter Include="QuestManager">
      <UniqueIdentifier>{b29589e2-bda0-416d-8f96-aff01bf68937}</UniqueIdentifier>
    </Filter>
    <Filter Include="QuestManager\QuestDrawer">
      <UniqueIdentifier>{9a07a5b7-1f30-4254-a41d-51f10733cc67}</UniqueIdentifier>
    </Filter>
  </ItemGroup>
</Project>